{
  "object": {
    "pins": [
      {
        "package": "ImGui",
        "repositoryURL": "https://github.com/ctreffs/SwiftImGui.git",
        "state": {
          "branch": null,
          "revision": "b0f848e34d44fa0c9ad6082641d4793f30073e8d",
          "version": null
        }
      }
    ]
  },
  "version": 1
}
